dependencies:
  espressif/cmake_utilities:
    component_hash: 7e20811092150b668a710cfbf43164721b23bac766811f4e68036450a3265fba
    dependencies:
    - name: idf
      require: private
      version: '>=4.1'
    source:
      registry_url: https://components.espressif.com
      type: service
    version: 1.0.0
  espressif/tinyusb:
    component_hash: 7f73a4159dc95325ceaa4ade5e88734c4e1f5124746a3765cf61dc6157d78798
    dependencies:
    - name: idf
      require: private
      version: '>=5.0'
    source:
      registry_url: https://components.espressif.com
      type: service
    targets:
    - esp32s2
    - esp32s3
    - esp32p4
    version: 0.17.0~2
  espressif/usb_device_uac:
    component_hash: 8b531754be8d83e1217a488ae8de17822246b77be048e12b8ef7e6af8b57320f
    dependencies:
    - name: espressif/cmake_utilities
      registry_url: https://components.espressif.com
      require: private
      version: '*'
    - name: espressif/tinyusb
      registry_url: https://components.espressif.com
      require: private
      version: ^0.17.0~2
    - name: idf
      require: private
      version: '>=5.0'
    source:
      registry_url: https://components.espressif.com/
      type: service
    targets:
    - esp32s2
    - esp32s3
    - esp32p4
    version: 1.1.0
  idf:
    source:
      type: idf
    version: 5.5.0
direct_dependencies:
- espressif/usb_device_uac
- idf
manifest_hash: 363d29e8e5547c5dc5cc1a2ee668c43f4deca450545752efb6b7bf802367ca14
target: esp32s3
version: 2.0.0
